// !$*UTF8*$!
{
	archiveVersion = 1;
	classes = {
	};
	objectVersion = 50;
	objects = {

/* Begin PBXBuildFile section */
		C333B6B4254EA3E50074F61F /* AppDelegate.swift in Sources */ = {isa = PBXBuildFile; fileRef = C333B6B3254EA3E50074F61F /* AppDelegate.swift */; };
		C333B6B6254EA3E50074F61F /* SceneDelegate.swift in Sources */ = {isa = PBXBuildFile; fileRef = C333B6B5254EA3E50074F61F /* SceneDelegate.swift */; };
		C333B6B8254EA3E50074F61F /* ContentView.swift in Sources */ = {isa = PBXBuildFile; fileRef = C333B6B7254EA3E50074F61F /* ContentView.swift */; };
		C333B6BA254EA3E90074F61F /* Assets.xcassets in Resources */ = {isa = PBXBuildFile; fileRef = C333B6B9254EA3E90074F61F /* Assets.xcassets */; };
		C333B6BD254EA3E90074F61F /* Preview Assets.xcassets in Resources */ = {isa = PBXBuildFile; fileRef = C333B6BC254EA3E90074F61F /* Preview Assets.xcassets */; };
		C333B6C0254EA3E90074F61F /* LaunchScreen.storyboard in Resources */ = {isa = PBXBuildFile; fileRef = C333B6BE254EA3E90074F61F /* LaunchScreen.storyboard */; };
		C333B6C8255A26180074F61F /* DataManager.swift in Sources */ = {isa = PBXBuildFile; fileRef = C333B6C7255A26180074F61F /* DataManager.swift */; };
/* End PBXBuildFile section */

/* Begin PBXFileReference section */
		C333B6B0254EA3E50074F61F /* PackList_SwiftUI.app */ = {isa = PBXFileReference; explicitFileType = wrapper.application; includeInIndex = 0; path = PackList_SwiftUI.app; sourceTree = BUILT_PRODUCTS_DIR; };
		C333B6B3254EA3E50074F61F /* AppDelegate.swift */ = {isa = PBXFileReference; lastKnownFileType = sourcecode.swift; path = AppDelegate.swift; sourceTree = "<group>"; };
		C333B6B5254EA3E50074F61F /* SceneDelegate.swift */ = {isa = PBXFileReference; lastKnownFileType = sourcecode.swift; path = SceneDelegate.swift; sourceTree = "<group>"; };
		C333B6B7254EA3E50074F61F /* ContentView.swift */ = {isa = PBXFileReference; lastKnownFileType = sourcecode.swift; path = ContentView.swift; sourceTree = "<group>"; };
		C333B6B9254EA3E90074F61F /* Assets.xcassets */ = {isa = PBXFileReference; lastKnownFileType = folder.assetcatalog; path = Assets.xcassets; sourceTree = "<group>"; };
		C333B6BC254EA3E90074F61F /* Preview Assets.xcassets */ = {isa = PBXFileReference; lastKnownFileType = folder.assetcatalog; path = "Preview Assets.xcassets"; sourceTree = "<group>"; };
		C333B6BF254EA3E90074F61F /* Base */ = {isa = PBXFileReference; lastKnownFileType = file.storyboard; name = Base; path = Base.lproj/LaunchScreen.storyboard; sourceTree = "<group>"; };
		C333B6C1254EA3E90074F61F /* Info.plist */ = {isa = PBXFileReference; lastKnownFileType = text.plist.xml; path = Info.plist; sourceTree = "<group>"; };
		C333B6C7255A26180074F61F /* DataManager.swift */ = {isa = PBXFileReference; lastKnownFileType = sourcecode.swift; path = DataManager.swift; sourceTree = "<group>"; };
/* End PBXFileReference section */

/* Begin PBXFrameworksBuildPhase section */
		C333B6AD254EA3E50074F61F /* Frameworks */ = {
			isa = PBXFrameworksBuildPhase;
			buildActionMask = 2147483647;
			files = (
			);
			runOnlyForDeploymentPostprocessing = 0;
		};
/* End PBXFrameworksBuildPhase section */

/* Begin PBXGroup section */
		1AA49B212712AD2300411E8A /* Main */ = {
			isa = PBXGroup;
			children = (
				C333B6B7254EA3E50074F61F /* ContentView.swift */,
			);
			path = Main;
			sourceTree = "<group>";
		};
		1AA49B222712AD4500411E8A /* App */ = {
			isa = PBXGroup;
			children = (
				1AA49B232712AD5E00411E8A /* etc */,
				1AA49B242712AD8500411E8A /* Model */,
				1AA49B252712AD9100411E8A /* View */,
			);
			path = App;
			sourceTree = "<group>";
		};
		1AA49B232712AD5E00411E8A /* etc */ = {
			isa = PBXGroup;
			children = (
				C333B6BB254EA3E90074F61F /* Preview Content */,
				C333B6B9254EA3E90074F61F /* Assets.xcassets */,
				C333B6BE254EA3E90074F61F /* LaunchScreen.storyboard */,
				C333B6C1254EA3E90074F61F /* Info.plist */,
			);
			path = etc;
			sourceTree = "<group>";
		};
		1AA49B242712AD8500411E8A /* Model */ = {
			isa = PBXGroup;
			children = (
				C333B6C7255A26180074F61F /* DataManager.swift */,
			);
			path = Model;
			sourceTree = "<group>";
		};
		1AA49B252712AD9100411E8A /* View */ = {
			isa = PBXGroup;
			children = (
				1AA49B262712AD9800411E8A /* AppDelegate */,
				1AA49B212712AD2300411E8A /* Main */,
			);
			path = View;
			sourceTree = "<group>";
		};
		1AA49B262712AD9800411E8A /* AppDelegate */ = {
			isa = PBXGroup;
			children = (
				C333B6B3254EA3E50074F61F /* AppDelegate.swift */,
				C333B6B5254EA3E50074F61F /* SceneDelegate.swift */,
			);
			path = AppDelegate;
			sourceTree = "<group>";
		};
		C333B6A7254EA3E50074F61F = {
			isa = PBXGroup;
			children = (
				C333B6B2254EA3E50074F61F /* PackList_SwiftUI */,
				C333B6B1254EA3E50074F61F /* Products */,
			);
			sourceTree = "<group>";
		};
		C333B6B1254EA3E50074F61F /* Products */ = {
			isa = PBXGroup;
			children = (
				C333B6B0254EA3E50074F61F /* PackList_SwiftUI.app */,
			);
			name = Products;
			sourceTree = "<group>";
		};
		C333B6B2254EA3E50074F61F /* PackList_SwiftUI */ = {
			isa = PBXGroup;
			children = (
				1AA49B222712AD4500411E8A /* App */,
			);
			path = PackList_SwiftUI;
			sourceTree = "<group>";
		};
		C333B6BB254EA3E90074F61F /* Preview Content */ = {
			isa = PBXGroup;
			children = (
				C333B6BC254EA3E90074F61F /* Preview Assets.xcassets */,
			);
			path = "Preview Content";
			sourceTree = "<group>";
		};
/* End PBXGroup section */

/* Begin PBXNativeTarget section */
		C333B6AF254EA3E50074F61F /* PackList_SwiftUI */ = {
			isa = PBXNativeTarget;
			buildConfigurationList = C333B6C4254EA3E90074F61F /* Build configuration list for PBXNativeTarget "PackList_SwiftUI" */;
			buildPhases = (
				C333B6AC254EA3E50074F61F /* Sources */,
				C333B6AD254EA3E50074F61F /* Frameworks */,
				C333B6AE254EA3E50074F61F /* Resources */,
			);
			buildRules = (
			);
			dependencies = (
			);
			name = PackList_SwiftUI;
			productName = PackList_SwiftUI;
			productReference = C333B6B0254EA3E50074F61F /* PackList_SwiftUI.app */;
			productType = "com.apple.product-type.application";
		};
/* End PBXNativeTarget section */

/* Begin PBXProject section */
		C333B6A8254EA3E50074F61F /* Project object */ = {
			isa = PBXProject;
			attributes = {
				LastSwiftUpdateCheck = 1150;
				LastUpgradeCheck = 1150;
				ORGANIZATIONNAME = "Akihiro Matsuyama";
				TargetAttributes = {
					C333B6AF254EA3E50074F61F = {
						CreatedOnToolsVersion = 11.5;
					};
				};
			};
			buildConfigurationList = C333B6AB254EA3E50074F61F /* Build configuration list for PBXProject "PackList_SwiftUI" */;
			compatibilityVersion = "Xcode 9.3";
			developmentRegion = en;
			hasScannedForEncodings = 0;
			knownRegions = (
				en,
				Base,
			);
			mainGroup = C333B6A7254EA3E50074F61F;
			productRefGroup = C333B6B1254EA3E50074F61F /* Products */;
			projectDirPath = "";
			projectRoot = "";
			targets = (
				C333B6AF254EA3E50074F61F /* PackList_SwiftUI */,
			);
		};
/* End PBXProject section */

/* Begin PBXResourcesBuildPhase section */
		C333B6AE254EA3E50074F61F /* Resources */ = {
			isa = PBXResourcesBuildPhase;
			buildActionMask = 2147483647;
			files = (
				C333B6C0254EA3E90074F61F /* LaunchScreen.storyboard in Resources */,
				C333B6BD254EA3E90074F61F /* Preview Assets.xcassets in Resources */,
				C333B6BA254EA3E90074F61F /* Assets.xcassets in Resources */,
			);
			runOnlyForDeploymentPostprocessing = 0;
		};
/* End PBXResourcesBuildPhase section */

/* Begin PBXSourcesBuildPhase section */
		C333B6AC254EA3E50074F61F /* Sources */ = {
			isa = PBXSourcesBuildPhase;
			buildActionMask = 2147483647;
			files = (
				C333B6B4254EA3E50074F61F /* AppDelegate.swift in Sources */,
				C333B6C8255A26180074F61F /* DataManager.swift in Sources */,
				C333B6B6254EA3E50074F61F /* SceneDelegate.swift in Sources */,
				C333B6B8254EA3E50074F61F /* ContentView.swift in Sources */,
			);
			runOnlyForDeploymentPostprocessing = 0;
		};
/* End PBXSourcesBuildPhase section */

/* Begin PBXVariantGroup section */
		C333B6BE254EA3E90074F61F /* LaunchScreen.storyboard */ = {
			isa = PBXVariantGroup;
			children = (
				C333B6BF254EA3E90074F61F /* Base */,
			);
			name = LaunchScreen.storyboard;
			sourceTree = "<group>";
		};
/* End PBXVariantGroup section */

/* Begin XCBuildConfiguration section */
		C333B6C2254EA3E90074F61F /* Debug */ = {
			isa = XCBuildConfiguration;
			buildSettings = {
				ALWAYS_SEARCH_USER_PATHS = NO;
				CLANG_ANALYZER_NONNULL = YES;
				CLANG_ANALYZER_NUMBER_OBJECT_CONVERSION = YES_AGGRESSIVE;
				CLANG_CXX_LANGUAGE_STANDARD = "gnu++14";
				CLANG_CXX_LIBRARY = "libc++";
				CLANG_ENABLE_MODULES = YES;
				CLANG_ENABLE_OBJC_ARC = YES;
				CLANG_ENABLE_OBJC_WEAK = YES;
				CLANG_WARN_BLOCK_CAPTURE_AUTORELEASING = YES;
				CLANG_WARN_BOOL_CONVERSION = YES;
				CLANG_WARN_COMMA = YES;
				CLANG_WARN_CONSTANT_CONVERSION = YES;
				CLANG_WARN_DEPRECATED_OBJC_IMPLEMENTATIONS = YES;
				CLANG_WARN_DIRECT_OBJC_ISA_USAGE = YES_ERROR;
				CLANG_WARN_DOCUMENTATION_COMMENTS = YES;
				CLANG_WARN_EMPTY_BODY = YES;
				CLANG_WARN_ENUM_CONVERSION = YES;
				CLANG_WARN_INFINITE_RECURSION = YES;
				CLANG_WARN_INT_CONVERSION = YES;
				CLANG_WARN_NON_LITERAL_NULL_CONVERSION = YES;
				CLANG_WARN_OBJC_IMPLICIT_RETAIN_SELF = YES;
				CLANG_WARN_OBJC_LITERAL_CONVERSION = YES;
				CLANG_WARN_OBJC_ROOT_CLASS = YES_ERROR;
				CLANG_WARN_RANGE_LOOP_ANALYSIS = YES;
				CLANG_WARN_STRICT_PROTOTYPES = YES;
				CLANG_WARN_SUSPICIOUS_MOVE = YES;
				CLANG_WARN_UNGUARDED_AVAILABILITY = YES_AGGRESSIVE;
				CLANG_WARN_UNREACHABLE_CODE = YES;
				CLANG_WARN__DUPLICATE_METHOD_MATCH = YES;
				COPY_PHASE_STRIP = NO;
				DEBUG_INFORMATION_FORMAT = dwarf;
				ENABLE_STRICT_OBJC_MSGSEND = YES;
				ENABLE_TESTABILITY = YES;
				GCC_C_LANGUAGE_STANDARD = gnu11;
				GCC_DYNAMIC_NO_PIC = NO;
				GCC_NO_COMMON_BLOCKS = YES;
				GCC_OPTIMIZATION_LEVEL = 0;
				GCC_PREPROCESSOR_DEFINITIONS = (
					"DEBUG=1",
					"$(inherited)",
				);
				GCC_WARN_64_TO_32_BIT_CONVERSION = YES;
				GCC_WARN_ABOUT_RETURN_TYPE = YES_ERROR;
				GCC_WARN_UNDECLARED_SELECTOR = YES;
				GCC_WARN_UNINITIALIZED_AUTOS = YES_AGGRESSIVE;
				GCC_WARN_UNUSED_FUNCTION = YES;
				GCC_WARN_UNUSED_VARIABLE = YES;
				IPHONEOS_DEPLOYMENT_TARGET = 13.5;
				MTL_ENABLE_DEBUG_INFO = INCLUDE_SOURCE;
				MTL_FAST_MATH = YES;
				ONLY_ACTIVE_ARCH = YES;
				SDKROOT = iphoneos;
				SWIFT_ACTIVE_COMPILATION_CONDITIONS = DEBUG;
				SWIFT_OPTIMIZATION_LEVEL = "-Onone";
			};
			name = Debug;
		};
		C333B6C3254EA3E90074F61F /* Release */ = {
			isa = XCBuildConfiguration;
			buildSettings = {
				ALWAYS_SEARCH_USER_PATHS = NO;
				CLANG_ANALYZER_NONNULL = YES;
				CLANG_ANALYZER_NUMBER_OBJECT_CONVERSION = YES_AGGRESSIVE;
				CLANG_CXX_LANGUAGE_STANDARD = "gnu++14";
				CLANG_CXX_LIBRARY = "libc++";
				CLANG_ENABLE_MODULES = YES;
				CLANG_ENABLE_OBJC_ARC = YES;
				CLANG_ENABLE_OBJC_WEAK = YES;
				CLANG_WARN_BLOCK_CAPTURE_AUTORELEASING = YES;
				CLANG_WARN_BOOL_CONVERSION = YES;
				CLANG_WARN_COMMA = YES;
				CLANG_WARN_CONSTANT_CONVERSION = YES;
				CLANG_WARN_DEPRECATED_OBJC_IMPLEMENTATIONS = YES;
				CLANG_WARN_DIRECT_OBJC_ISA_USAGE = YES_ERROR;
				CLANG_WARN_DOCUMENTATION_COMMENTS = YES;
				CLANG_WARN_EMPTY_BODY = YES;
				CLANG_WARN_ENUM_CONVERSION = YES;
				CLANG_WARN_INFINITE_RECURSION = YES;
				CLANG_WARN_INT_CONVERSION = YES;
				CLANG_WARN_NON_LITERAL_NULL_CONVERSION = YES;
				CLANG_WARN_OBJC_IMPLICIT_RETAIN_SELF = YES;
				CLANG_WARN_OBJC_LITERAL_CONVERSION = YES;
				CLANG_WARN_OBJC_ROOT_CLASS = YES_ERROR;
				CLANG_WARN_RANGE_LOOP_ANALYSIS = YES;
				CLANG_WARN_STRICT_PROTOTYPES = YES;
				CLANG_WARN_SUSPICIOUS_MOVE = YES;
				CLANG_WARN_UNGUARDED_AVAILABILITY = YES_AGGRESSIVE;
				CLANG_WARN_UNREACHABLE_CODE = YES;
				CLANG_WARN__DUPLICATE_METHOD_MATCH = YES;
				COPY_PHASE_STRIP = NO;
				DEBUG_INFORMATION_FORMAT = "dwarf-with-dsym";
				ENABLE_NS_ASSERTIONS = NO;
				ENABLE_STRICT_OBJC_MSGSEND = YES;
				GCC_C_LANGUAGE_STANDARD = gnu11;
				GCC_NO_COMMON_BLOCKS = YES;
				GCC_WARN_64_TO_32_BIT_CONVERSION = YES;
				GCC_WARN_ABOUT_RETURN_TYPE = YES_ERROR;
				GCC_WARN_UNDECLARED_SELECTOR = YES;
				GCC_WARN_UNINITIALIZED_AUTOS = YES_AGGRESSIVE;
				GCC_WARN_UNUSED_FUNCTION = YES;
				GCC_WARN_UNUSED_VARIABLE = YES;
				IPHONEOS_DEPLOYMENT_TARGET = 13.5;
				MTL_ENABLE_DEBUG_INFO = NO;
				MTL_FAST_MATH = YES;
				SDKROOT = iphoneos;
				SWIFT_COMPILATION_MODE = wholemodule;
				SWIFT_OPTIMIZATION_LEVEL = "-O";
				VALIDATE_PRODUCT = YES;
			};
			name = Release;
		};
		C333B6C5254EA3E90074F61F /* Debug */ = {
			isa = XCBuildConfiguration;
			buildSettings = {
				ASSETCATALOG_COMPILER_APPICON_NAME = AppIcon;
				CODE_SIGN_STYLE = Automatic;
				DEVELOPMENT_ASSET_PATHS = "\"PackList_SwiftUI/App/etc/Preview Content\"";
				DEVELOPMENT_TEAM = 5C2UYK6F45;
				ENABLE_PREVIEWS = YES;
				INFOPLIST_FILE = PackList_SwiftUI/App/etc/Info.plist;
				LD_RUNPATH_SEARCH_PATHS = (
					"$(inherited)",
					"@executable_path/Frameworks",
				);
				PRODUCT_BUNDLE_IDENTIFIER = "jp.art.akidon.PackList-SwiftUI";
				PRODUCT_NAME = "$(TARGET_NAME)";
				SWIFT_VERSION = 5.0;
				TARGETED_DEVICE_FAMILY = "1,2";
			};
			name = Debug;
		};
		C333B6C6254EA3E90074F61F /* Release */ = {
			isa = XCBuildConfiguration;
			buildSettings = {
				ASSETCATALOG_COMPILER_APPICON_NAME = AppIcon;
				CODE_SIGN_STYLE = Automatic;
				DEVELOPMENT_ASSET_PATHS = "\"PackList_SwiftUI/App/etc/Preview Content\"";
				DEVELOPMENT_TEAM = 5C2UYK6F45;
				ENABLE_PREVIEWS = YES;
				INFOPLIST_FILE = PackList_SwiftUI/App/etc/Info.plist;
				LD_RUNPATH_SEARCH_PATHS = (
					"$(inherited)",
					"@executable_path/Frameworks",
				);
				PRODUCT_BUNDLE_IDENTIFIER = "jp.art.akidon.PackList-SwiftUI";
				PRODUCT_NAME = "$(TARGET_NAME)";
				SWIFT_VERSION = 5.0;
				TARGETED_DEVICE_FAMILY = "1,2";
			};
			name = Release;
		};
/* End XCBuildConfiguration section */

/* Begin XCConfigurationList section */
		C333B6AB254EA3E50074F61F /* Build configuration list for PBXProject "PackList_SwiftUI" */ = {
			isa = XCConfigurationList;
			buildConfigurations = (
				C333B6C2254EA3E90074F61F /* Debug */,
				C333B6C3254EA3E90074F61F /* Release */,
			);
			defaultConfigurationIsVisible = 0;
			defaultConfigurationName = Release;
		};
		C333B6C4254EA3E90074F61F /* Build configuration list for PBXNativeTarget "PackList_SwiftUI" */ = {
			isa = XCConfigurationList;
			buildConfigurations = (
				C333B6C5254EA3E90074F61F /* Debug */,
				C333B6C6254EA3E90074F61F /* Release */,
			);
			defaultConfigurationIsVisible = 0;
			defaultConfigurationName = Release;
		};
/* End XCConfigurationList section */
	};
	rootObject = C333B6A8254EA3E50074F61F /* Project object */;
}
